
Microsoft Visual Studio Solution File, Format Version 12.00
# Visual Studio Version 17
VisualStudioVersion = 17.8.34322.80
MinimumVisualStudioVersion = 10.0.40219.1
Project("{9A19103F-16F7-4668-BE54-9A1E7A4F7556}") = "OtusHW_SOLID", "OtusHW_SOLID\OtusHW_SOLID.csproj", "{9830818A-10D6-4A97-9D82-CB2C9BAB886A}"
EndProject
Project("{FAE04EC0-301F-11D3-BF4B-00C04F79EFBC}") = "InterfacesLibrary", "InterfacesLibrary\InterfacesLibrary.csproj", "{D4BFC9C8-BE9D-4333-9E46-B6248FBAEAD4}"
EndProject
Global
	GlobalSection(SolutionConfigurationPlatforms) = preSolution
		Debug|Any CPU = Debug|Any CPU
		Release|Any CPU = Release|Any CPU
	EndGlobalSection
	GlobalSection(ProjectConfigurationPlatforms) = postSolution
		{9830818A-10D6-4A97-9D82-CB2C9BAB886A}.Debug|Any CPU.ActiveCfg = Debug|Any CPU
		{9830818A-10D6-4A97-9D82-CB2C9BAB886A}.Debug|Any CPU.Build.0 = Debug|Any CPU
		{9830818A-10D6-4A97-9D82-CB2C9BAB886A}.Release|Any CPU.ActiveCfg = Release|Any CPU
		{9830818A-10D6-4A97-9D82-CB2C9BAB886A}.Release|Any CPU.Build.0 = Release|Any CPU
		{D4BFC9C8-BE9D-4333-9E46-B6248FBAEAD4}.Debug|Any CPU.ActiveCfg = Debug|Any CPU
		{D4BFC9C8-BE9D-4333-9E46-B6248FBAEAD4}.Debug|Any CPU.Build.0 = Debug|Any CPU
		{D4BFC9C8-BE9D-4333-9E46-B6248FBAEAD4}.Release|Any CPU.ActiveCfg = Release|Any CPU
		{D4BFC9C8-BE9D-4333-9E46-B6248FBAEAD4}.Release|Any CPU.Build.0 = Release|Any CPU
	EndGlobalSection
	GlobalSection(SolutionProperties) = preSolution
		HideSolutionNode = FALSE
	EndGlobalSection
	GlobalSection(ExtensibilityGlobals) = postSolution
		SolutionGuid = {5E8AE545-A343-4E52-8F97-F6493504BFC0}
	EndGlobalSection
EndGlobal
